
Microsoft Visual Studio Solution File, Format Version 12.00
# Visual Studio Version 17
VisualStudioVersion = 17.5.33502.453
MinimumVisualStudioVersion = 10.0.40219.1
Project("{FAE04EC0-301F-11D3-BF4B-00C04F79EFBC}") = "CalculatorApp", "CalculatorApp\CalculatorApp.csproj", "{89C6C740-E6B8-4676-A66A-92FF88FEBB04}"
EndProject
Project("{2150E333-8FDC-42A3-9474-1A3956D46DE8}") = "Элементы решения", "Элементы решения", "{40770974-7CB5-469D-9DD4-B298A6AF5E15}"
	ProjectSection(SolutionItems) = preProject
		.gitignore = .gitignore
	EndProjectSection
EndProject
Global
	GlobalSection(SolutionConfigurationPlatforms) = preSolution
		Debug|Any CPU = Debug|Any CPU
		Release|Any CPU = Release|Any CPU
	EndGlobalSection
	GlobalSection(ProjectConfigurationPlatforms) = postSolution
		{89C6C740-E6B8-4676-A66A-92FF88FEBB04}.Debug|Any CPU.ActiveCfg = Debug|Any CPU
		{89C6C740-E6B8-4676-A66A-92FF88FEBB04}.Debug|Any CPU.Build.0 = Debug|Any CPU
		{89C6C740-E6B8-4676-A66A-92FF88FEBB04}.Release|Any CPU.ActiveCfg = Release|Any CPU
		{89C6C740-E6B8-4676-A66A-92FF88FEBB04}.Release|Any CPU.Build.0 = Release|Any CPU
	EndGlobalSection
	GlobalSection(SolutionProperties) = preSolution
		HideSolutionNode = FALSE
	EndGlobalSection
	GlobalSection(ExtensibilityGlobals) = postSolution
		SolutionGuid = {63EC3507-01E8-47B1-88E3-CE6F82371FEF}
	EndGlobalSection
EndGlobal
